
Microsoft Visual Studio Solution File, Format Version 12.00
# Visual Studio Version 16
VisualStudioVersion = 16.0.29613.14
MinimumVisualStudioVersion = 10.0.40219.1
Project("{2150E333-8FDC-42A3-9474-1A3956D46DE8}") = "Src", "Src", "{3E49ADE3-6960-4185-87B9-74C190DD471B}"
EndProject
Project("{2150E333-8FDC-42A3-9474-1A3956D46DE8}") = "Common", "Common", "{6EC2E70D-D555-44E4-B21E-0D4AC11E30F8}"
EndProject
Project("{2150E333-8FDC-42A3-9474-1A3956D46DE8}") = "Core", "Core", "{45173E78-AAB9-4AA5-B0B7-EB0875166216}"
EndProject
Project("{2150E333-8FDC-42A3-9474-1A3956D46DE8}") = "Presentation", "Presentation", "{F47BAC2A-6923-4254-AEB5-DFBB2A2B3E2E}"
EndProject
Project("{2150E333-8FDC-42A3-9474-1A3956D46DE8}") = "Data", "Data", "{F1958B2A-8F82-461C-B5C9-406026558285}"
EndProject
Project("{FAE04EC0-301F-11D3-BF4B-00C04F79EFBC}") = "Product.Application", "Product.Application\Product.Application.csproj", "{669FEA64-7212-4CA8-8798-604531EA2663}"
EndProject
Project("{FAE04EC0-301F-11D3-BF4B-00C04F79EFBC}") = "Product.Domain", "Product.Domain\Product.Domain.csproj", "{6F78B1E5-4EB7-4DAC-8E21-261C3B794F61}"
EndProject
Project("{FAE04EC0-301F-11D3-BF4B-00C04F79EFBC}") = "Product.API", "Product.API\Product.API.csproj", "{9A296EA4-91B8-4FDC-AF28-4906678F4422}"
EndProject
Project("{FAE04EC0-301F-11D3-BF4B-00C04F79EFBC}") = "Product.Persistence", "Product.Persistence\Product.Persistence.csproj", "{508BD293-54BB-4975-84B1-10282203A927}"
EndProject
Global
	GlobalSection(SolutionConfigurationPlatforms) = preSolution
		Debug|Any CPU = Debug|Any CPU
		Release|Any CPU = Release|Any CPU
	EndGlobalSection
	GlobalSection(ProjectConfigurationPlatforms) = postSolution
		{669FEA64-7212-4CA8-8798-604531EA2663}.Debug|Any CPU.ActiveCfg = Debug|Any CPU
		{669FEA64-7212-4CA8-8798-604531EA2663}.Debug|Any CPU.Build.0 = Debug|Any CPU
		{669FEA64-7212-4CA8-8798-604531EA2663}.Release|Any CPU.ActiveCfg = Release|Any CPU
		{669FEA64-7212-4CA8-8798-604531EA2663}.Release|Any CPU.Build.0 = Release|Any CPU
		{6F78B1E5-4EB7-4DAC-8E21-261C3B794F61}.Debug|Any CPU.ActiveCfg = Debug|Any CPU
		{6F78B1E5-4EB7-4DAC-8E21-261C3B794F61}.Debug|Any CPU.Build.0 = Debug|Any CPU
		{6F78B1E5-4EB7-4DAC-8E21-261C3B794F61}.Release|Any CPU.ActiveCfg = Release|Any CPU
		{6F78B1E5-4EB7-4DAC-8E21-261C3B794F61}.Release|Any CPU.Build.0 = Release|Any CPU
		{9A296EA4-91B8-4FDC-AF28-4906678F4422}.Debug|Any CPU.ActiveCfg = Debug|Any CPU
		{9A296EA4-91B8-4FDC-AF28-4906678F4422}.Debug|Any CPU.Build.0 = Debug|Any CPU
		{9A296EA4-91B8-4FDC-AF28-4906678F4422}.Release|Any CPU.ActiveCfg = Release|Any CPU
		{9A296EA4-91B8-4FDC-AF28-4906678F4422}.Release|Any CPU.Build.0 = Release|Any CPU
		{508BD293-54BB-4975-84B1-10282203A927}.Debug|Any CPU.ActiveCfg = Debug|Any CPU
		{508BD293-54BB-4975-84B1-10282203A927}.Debug|Any CPU.Build.0 = Debug|Any CPU
		{508BD293-54BB-4975-84B1-10282203A927}.Release|Any CPU.ActiveCfg = Release|Any CPU
		{508BD293-54BB-4975-84B1-10282203A927}.Release|Any CPU.Build.0 = Release|Any CPU
	EndGlobalSection
	GlobalSection(SolutionProperties) = preSolution
		HideSolutionNode = FALSE
	EndGlobalSection
	GlobalSection(NestedProjects) = preSolution
		{6EC2E70D-D555-44E4-B21E-0D4AC11E30F8} = {3E49ADE3-6960-4185-87B9-74C190DD471B}
		{45173E78-AAB9-4AA5-B0B7-EB0875166216} = {3E49ADE3-6960-4185-87B9-74C190DD471B}
		{F47BAC2A-6923-4254-AEB5-DFBB2A2B3E2E} = {3E49ADE3-6960-4185-87B9-74C190DD471B}
		{F1958B2A-8F82-461C-B5C9-406026558285} = {3E49ADE3-6960-4185-87B9-74C190DD471B}
		{669FEA64-7212-4CA8-8798-604531EA2663} = {45173E78-AAB9-4AA5-B0B7-EB0875166216}
		{6F78B1E5-4EB7-4DAC-8E21-261C3B794F61} = {45173E78-AAB9-4AA5-B0B7-EB0875166216}
		{9A296EA4-91B8-4FDC-AF28-4906678F4422} = {F47BAC2A-6923-4254-AEB5-DFBB2A2B3E2E}
		{508BD293-54BB-4975-84B1-10282203A927} = {F1958B2A-8F82-461C-B5C9-406026558285}
	EndGlobalSection
	GlobalSection(ExtensibilityGlobals) = postSolution
		SolutionGuid = {3B523806-BD54-4741-BB8E-AC6BE0D1F29E}
	EndGlobalSection
EndGlobal
