
Microsoft Visual Studio Solution File, Format Version 12.00
# Visual Studio Version 16
VisualStudioVersion = 16.0.29613.14
MinimumVisualStudioVersion = 10.0.40219.1
Project("{2150E333-8FDC-42A3-9474-1A3956D46DE8}") = "Src", "Src", "{4770813D-4DA6-4739-8811-81AF5BE29A27}"
EndProject
Project("{2150E333-8FDC-42A3-9474-1A3956D46DE8}") = "Common", "Common", "{8DA47E15-C83B-4780-89E7-DA037A7D00ED}"
EndProject
Project("{2150E333-8FDC-42A3-9474-1A3956D46DE8}") = "Core", "Core", "{4F8C5AFE-8B6B-438B-9ECC-285DF3EC9789}"
EndProject
Project("{2150E333-8FDC-42A3-9474-1A3956D46DE8}") = "Data", "Data", "{AE477C3D-86F2-4680-A470-C4E510FC169D}"
EndProject
Project("{2150E333-8FDC-42A3-9474-1A3956D46DE8}") = "Presentation", "Presentation", "{9BA5D122-DFD4-4D2E-822F-59D61958023A}"
EndProject
Project("{FAE04EC0-301F-11D3-BF4B-00C04F79EFBC}") = "User.Application", "User.Application\User.Application.csproj", "{B5710C43-2728-478C-9271-528C9445DFA4}"
EndProject
Project("{FAE04EC0-301F-11D3-BF4B-00C04F79EFBC}") = "User.Domain", "User.Domain\User.Domain.csproj", "{D8A42226-296D-4397-BFCD-C1259610DD29}"
EndProject
Project("{FAE04EC0-301F-11D3-BF4B-00C04F79EFBC}") = "User.Persistence", "User.Persistence\User.Persistence.csproj", "{FEDD9B30-ECC2-4E4C-80F7-1D2E39710AD4}"
EndProject
Project("{FAE04EC0-301F-11D3-BF4B-00C04F79EFBC}") = "User.API", "User.API\User.API.csproj", "{23203A58-ECFA-49E2-B9D3-CB0EB8064FC8}"
EndProject
Global
	GlobalSection(SolutionConfigurationPlatforms) = preSolution
		Debug|Any CPU = Debug|Any CPU
		Release|Any CPU = Release|Any CPU
	EndGlobalSection
	GlobalSection(ProjectConfigurationPlatforms) = postSolution
		{B5710C43-2728-478C-9271-528C9445DFA4}.Debug|Any CPU.ActiveCfg = Debug|Any CPU
		{B5710C43-2728-478C-9271-528C9445DFA4}.Debug|Any CPU.Build.0 = Debug|Any CPU
		{B5710C43-2728-478C-9271-528C9445DFA4}.Release|Any CPU.ActiveCfg = Release|Any CPU
		{B5710C43-2728-478C-9271-528C9445DFA4}.Release|Any CPU.Build.0 = Release|Any CPU
		{D8A42226-296D-4397-BFCD-C1259610DD29}.Debug|Any CPU.ActiveCfg = Debug|Any CPU
		{D8A42226-296D-4397-BFCD-C1259610DD29}.Debug|Any CPU.Build.0 = Debug|Any CPU
		{D8A42226-296D-4397-BFCD-C1259610DD29}.Release|Any CPU.ActiveCfg = Release|Any CPU
		{D8A42226-296D-4397-BFCD-C1259610DD29}.Release|Any CPU.Build.0 = Release|Any CPU
		{FEDD9B30-ECC2-4E4C-80F7-1D2E39710AD4}.Debug|Any CPU.ActiveCfg = Debug|Any CPU
		{FEDD9B30-ECC2-4E4C-80F7-1D2E39710AD4}.Debug|Any CPU.Build.0 = Debug|Any CPU
		{FEDD9B30-ECC2-4E4C-80F7-1D2E39710AD4}.Release|Any CPU.ActiveCfg = Release|Any CPU
		{FEDD9B30-ECC2-4E4C-80F7-1D2E39710AD4}.Release|Any CPU.Build.0 = Release|Any CPU
		{23203A58-ECFA-49E2-B9D3-CB0EB8064FC8}.Debug|Any CPU.ActiveCfg = Debug|Any CPU
		{23203A58-ECFA-49E2-B9D3-CB0EB8064FC8}.Debug|Any CPU.Build.0 = Debug|Any CPU
		{23203A58-ECFA-49E2-B9D3-CB0EB8064FC8}.Release|Any CPU.ActiveCfg = Release|Any CPU
		{23203A58-ECFA-49E2-B9D3-CB0EB8064FC8}.Release|Any CPU.Build.0 = Release|Any CPU
	EndGlobalSection
	GlobalSection(SolutionProperties) = preSolution
		HideSolutionNode = FALSE
	EndGlobalSection
	GlobalSection(NestedProjects) = preSolution
		{8DA47E15-C83B-4780-89E7-DA037A7D00ED} = {4770813D-4DA6-4739-8811-81AF5BE29A27}
		{4F8C5AFE-8B6B-438B-9ECC-285DF3EC9789} = {4770813D-4DA6-4739-8811-81AF5BE29A27}
		{AE477C3D-86F2-4680-A470-C4E510FC169D} = {4770813D-4DA6-4739-8811-81AF5BE29A27}
		{9BA5D122-DFD4-4D2E-822F-59D61958023A} = {4770813D-4DA6-4739-8811-81AF5BE29A27}
		{B5710C43-2728-478C-9271-528C9445DFA4} = {4F8C5AFE-8B6B-438B-9ECC-285DF3EC9789}
		{D8A42226-296D-4397-BFCD-C1259610DD29} = {4F8C5AFE-8B6B-438B-9ECC-285DF3EC9789}
		{FEDD9B30-ECC2-4E4C-80F7-1D2E39710AD4} = {AE477C3D-86F2-4680-A470-C4E510FC169D}
		{23203A58-ECFA-49E2-B9D3-CB0EB8064FC8} = {9BA5D122-DFD4-4D2E-822F-59D61958023A}
	EndGlobalSection
	GlobalSection(ExtensibilityGlobals) = postSolution
		SolutionGuid = {C3D11DD8-EE7F-4B1B-84B2-00023E0B2D78}
	EndGlobalSection
EndGlobal
